// !$*UTF8*$!
{
	archiveVersion = 1;
	classes = {
	};
	objectVersion = 46;
	objects = {

/* Begin PBXBuildFile section */
		072B63A31D859EAB00CF2123 /* main.c in Sources */ = {isa = PBXBuildFile; fileRef = 072B63A21D859EAB00CF2123 /* main.c */; };
		072B63F41D859F6700CF2123 /* utils.c in Sources */ = {isa = PBXBuildFile; fileRef = 072B63DC1D859F6700CF2123 /* utils.c */; };
		072B63F51D859F6700CF2123 /* vlist.c in Sources */ = {isa = PBXBuildFile; fileRef = 072B63DE1D859F6700CF2123 /* vlist.c */; };
		072B63F71D859F6700CF2123 /* bistack.c in Sources */ = {isa = PBXBuildFile; fileRef = 072B63E11D859F6700CF2123 /* bistack.c */; };
		072B63FA1D859F6700CF2123 /* heap.c in Sources */ = {isa = PBXBuildFile; fileRef = 072B63E71D859F6700CF2123 /* heap.c */; };
		072B63FB1D859F6700CF2123 /* list.c in Sources */ = {isa = PBXBuildFile; fileRef = 072B63E91D859F6700CF2123 /* list.c */; };
		072B63FC1D859F6700CF2123 /* nvmem.c in Sources */ = {isa = PBXBuildFile; fileRef = 072B63EC1D859F6700CF2123 /* nvmem.c */; };
		072B64021D85A1E400CF2123 /* eeprom.c in Sources */ = {isa = PBXBuildFile; fileRef = 072B64001D85A1E400CF2123 /* eeprom.c */; };
		076228C91DB9C0E6008C8282 /* runtime.c in Sources */ = {isa = PBXBuildFile; fileRef = 072B63D21D859F6700CF2123 /* runtime.c */; };
/* End PBXBuildFile section */

/* Begin PBXCopyFilesBuildPhase section */
		072B639D1D859EAB00CF2123 /* CopyFiles */ = {
			isa = PBXCopyFilesBuildPhase;
			buildActionMask = 2147483647;
			dstPath = /usr/share/man/man1/;
			dstSubfolderSpec = 0;
			files = (
			);
			runOnlyForDeploymentPostprocessing = 1;
		};
/* End PBXCopyFilesBuildPhase section */

/* Begin PBXFileReference section */
		072B639F1D859EAB00CF2123 /* thinlisp */ = {isa = PBXFileReference; explicitFileType = "compiled.mach-o.executable"; includeInIndex = 0; path = thinlisp; sourceTree = BUILT_PRODUCTS_DIR; };
		072B63A21D859EAB00CF2123 /* main.c */ = {isa = PBXFileReference; lastKnownFileType = sourcecode.c.c; path = main.c; sourceTree = "<group>"; };
		072B63D21D859F6700CF2123 /* runtime.c */ = {isa = PBXFileReference; fileEncoding = 4; lastKnownFileType = sourcecode.c.c; path = runtime.c; sourceTree = "<group>"; };
		072B63D31D859F6700CF2123 /* runtime.h */ = {isa = PBXFileReference; fileEncoding = 4; lastKnownFileType = sourcecode.c.h; path = runtime.h; sourceTree = "<group>"; };
		072B63D41D859F6700CF2123 /* t.c */ = {isa = PBXFileReference; fileEncoding = 4; lastKnownFileType = sourcecode.c.c; path = t.c; sourceTree = "<group>"; };
		072B63D61D859F6700CF2123 /* ast_test.c */ = {isa = PBXFileReference; fileEncoding = 4; lastKnownFileType = sourcecode.c.c; path = ast_test.c; sourceTree = "<group>"; };
		072B63D71D859F6700CF2123 /* minunit.h */ = {isa = PBXFileReference; fileEncoding = 4; lastKnownFileType = sourcecode.c.h; path = minunit.h; sourceTree = "<group>"; };
		072B63D81D859F6700CF2123 /* sample.lisp */ = {isa = PBXFileReference; fileEncoding = 4; lastKnownFileType = text; path = sample.lisp; sourceTree = "<group>"; };
		072B63D91D859F6700CF2123 /* testdata.h */ = {isa = PBXFileReference; fileEncoding = 4; lastKnownFileType = sourcecode.c.h; path = testdata.h; sourceTree = "<group>"; };
		072B63DA1D859F6700CF2123 /* try2.c */ = {isa = PBXFileReference; fileEncoding = 4; lastKnownFileType = sourcecode.c.c; path = try2.c; sourceTree = "<group>"; };
		072B63DB1D859F6700CF2123 /* try2.h */ = {isa = PBXFileReference; fileEncoding = 4; lastKnownFileType = sourcecode.c.h; path = try2.h; sourceTree = "<group>"; };
		072B63DC1D859F6700CF2123 /* utils.c */ = {isa = PBXFileReference; fileEncoding = 4; lastKnownFileType = sourcecode.c.c; path = utils.c; sourceTree = "<group>"; };
		072B63DD1D859F6700CF2123 /* utils.h */ = {isa = PBXFileReference; fileEncoding = 4; lastKnownFileType = sourcecode.c.h; path = utils.h; sourceTree = "<group>"; };
		072B63DE1D859F6700CF2123 /* vlist.c */ = {isa = PBXFileReference; fileEncoding = 4; lastKnownFileType = sourcecode.c.c; path = vlist.c; sourceTree = "<group>"; };
		072B63DF1D859F6700CF2123 /* avl.c */ = {isa = PBXFileReference; fileEncoding = 4; lastKnownFileType = sourcecode.c.c; path = avl.c; sourceTree = "<group>"; };
		072B63E01D859F6700CF2123 /* avl.h */ = {isa = PBXFileReference; fileEncoding = 4; lastKnownFileType = sourcecode.c.h; path = avl.h; sourceTree = "<group>"; };
		072B63E11D859F6700CF2123 /* bistack.c */ = {isa = PBXFileReference; fileEncoding = 4; lastKnownFileType = sourcecode.c.c; path = bistack.c; sourceTree = "<group>"; };
		072B63E21D859F6700CF2123 /* bistack.h */ = {isa = PBXFileReference; fileEncoding = 4; lastKnownFileType = sourcecode.c.h; path = bistack.h; sourceTree = "<group>"; };
		072B63E31D859F6700CF2123 /* builtins.h */ = {isa = PBXFileReference; fileEncoding = 4; lastKnownFileType = sourcecode.c.h; path = builtins.h; sourceTree = "<group>"; };
		072B63E41D859F6700CF2123 /* environment.c */ = {isa = PBXFileReference; fileEncoding = 4; lastKnownFileType = sourcecode.c.c; path = environment.c; sourceTree = "<group>"; };
		072B63E51D859F6700CF2123 /* environment.h */ = {isa = PBXFileReference; fileEncoding = 4; lastKnownFileType = sourcecode.c.h; path = environment.h; sourceTree = "<group>"; };
		072B63E61D859F6700CF2123 /* eval.c */ = {isa = PBXFileReference; fileEncoding = 4; lastKnownFileType = sourcecode.c.c; path = eval.c; sourceTree = "<group>"; };
		072B63E71D859F6700CF2123 /* heap.c */ = {isa = PBXFileReference; fileEncoding = 4; lastKnownFileType = sourcecode.c.c; path = heap.c; sourceTree = "<group>"; };
		072B63E81D859F6700CF2123 /* heap.h */ = {isa = PBXFileReference; fileEncoding = 4; lastKnownFileType = sourcecode.c.h; path = heap.h; sourceTree = "<group>"; };
		072B63E91D859F6700CF2123 /* list.c */ = {isa = PBXFileReference; fileEncoding = 4; lastKnownFileType = sourcecode.c.c; path = list.c; sourceTree = "<group>"; };
		072B63EA1D859F6700CF2123 /* list.h */ = {isa = PBXFileReference; fileEncoding = 4; lastKnownFileType = sourcecode.c.h; path = list.h; sourceTree = "<group>"; };
		072B63EB1D859F6700CF2123 /* defines.h */ = {isa = PBXFileReference; fileEncoding = 4; lastKnownFileType = sourcecode.c.h; path = defines.h; sourceTree = "<group>"; };
		072B63EC1D859F6700CF2123 /* nvmem.c */ = {isa = PBXFileReference; fileEncoding = 4; lastKnownFileType = sourcecode.c.c; path = nvmem.c; sourceTree = "<group>"; };
		072B63ED1D859F6700CF2123 /* nvmem.h */ = {isa = PBXFileReference; fileEncoding = 4; lastKnownFileType = sourcecode.c.h; path = nvmem.h; sourceTree = "<group>"; };
		072B63EE1D859F6700CF2123 /* reader.c */ = {isa = PBXFileReference; fileEncoding = 4; lastKnownFileType = sourcecode.c.c; path = reader.c; sourceTree = "<group>"; };
		072B63EF1D859F6700CF2123 /* reader.h */ = {isa = PBXFileReference; fileEncoding = 4; lastKnownFileType = sourcecode.c.h; path = reader.h; sourceTree = "<group>"; };
		072B63FE1D859F8500CF2123 /* Makefile */ = {isa = PBXFileReference; fileEncoding = 4; lastKnownFileType = sourcecode.make; path = Makefile; sourceTree = "<group>"; };
		072B64001D85A1E400CF2123 /* eeprom.c */ = {isa = PBXFileReference; fileEncoding = 4; lastKnownFileType = sourcecode.c.c; path = eeprom.c; sourceTree = "<group>"; };
		072B64011D85A1E400CF2123 /* eeprom.h */ = {isa = PBXFileReference; fileEncoding = 4; lastKnownFileType = sourcecode.c.h; path = eeprom.h; sourceTree = "<group>"; };
/* End PBXFileReference section */

/* Begin PBXFrameworksBuildPhase section */
		072B639C1D859EAB00CF2123 /* Frameworks */ = {
			isa = PBXFrameworksBuildPhase;
			buildActionMask = 2147483647;
			files = (
			);
			runOnlyForDeploymentPostprocessing = 0;
		};
/* End PBXFrameworksBuildPhase section */

/* Begin PBXGroup section */
		072B63961D859EAB00CF2123 = {
			isa = PBXGroup;
			children = (
				072B63A11D859EAB00CF2123 /* thinlisp */,
				072B63A01D859EAB00CF2123 /* Products */,
			);
			sourceTree = "<group>";
		};
		072B63A01D859EAB00CF2123 /* Products */ = {
			isa = PBXGroup;
			children = (
				072B639F1D859EAB00CF2123 /* thinlisp */,
			);
			name = Products;
			sourceTree = "<group>";
		};
		072B63A11D859EAB00CF2123 /* thinlisp */ = {
			isa = PBXGroup;
			children = (
				072B63FE1D859F8500CF2123 /* Makefile */,
				072B63D21D859F6700CF2123 /* runtime.c */,
				072B63D31D859F6700CF2123 /* runtime.h */,
				072B63D41D859F6700CF2123 /* t.c */,
				072B63D51D859F6700CF2123 /* tests */,
				072B63DA1D859F6700CF2123 /* try2.c */,
				072B63DB1D859F6700CF2123 /* try2.h */,
				072B63DC1D859F6700CF2123 /* utils.c */,
				072B63DD1D859F6700CF2123 /* utils.h */,
				072B63DE1D859F6700CF2123 /* vlist.c */,
				072B63DF1D859F6700CF2123 /* avl.c */,
				072B63E01D859F6700CF2123 /* avl.h */,
				072B63E11D859F6700CF2123 /* bistack.c */,
				072B63E21D859F6700CF2123 /* bistack.h */,
				072B63E31D859F6700CF2123 /* builtins.h */,
				072B63E41D859F6700CF2123 /* environment.c */,
				072B63E51D859F6700CF2123 /* environment.h */,
				072B63E61D859F6700CF2123 /* eval.c */,
				072B63E71D859F6700CF2123 /* heap.c */,
				072B63E81D859F6700CF2123 /* heap.h */,
				072B63E91D859F6700CF2123 /* list.c */,
				072B63EA1D859F6700CF2123 /* list.h */,
				072B63EB1D859F6700CF2123 /* defines.h */,
				072B63EC1D859F6700CF2123 /* nvmem.c */,
				072B63ED1D859F6700CF2123 /* nvmem.h */,
				072B63EE1D859F6700CF2123 /* reader.c */,
				072B63EF1D859F6700CF2123 /* reader.h */,
				072B63A21D859EAB00CF2123 /* main.c */,
				072B64001D85A1E400CF2123 /* eeprom.c */,
				072B64011D85A1E400CF2123 /* eeprom.h */,
			);
			path = thinlisp;
			sourceTree = "<group>";
		};
		072B63D51D859F6700CF2123 /* tests */ = {
			isa = PBXGroup;
			children = (
				072B63D61D859F6700CF2123 /* ast_test.c */,
				072B63D71D859F6700CF2123 /* minunit.h */,
				072B63D81D859F6700CF2123 /* sample.lisp */,
				072B63D91D859F6700CF2123 /* testdata.h */,
			);
			path = tests;
			sourceTree = "<group>";
		};
/* End PBXGroup section */

/* Begin PBXNativeTarget section */
		072B639E1D859EAB00CF2123 /* thinlisp */ = {
			isa = PBXNativeTarget;
			buildConfigurationList = 072B63A61D859EAB00CF2123 /* Build configuration list for PBXNativeTarget "thinlisp" */;
			buildPhases = (
				072B639B1D859EAB00CF2123 /* Sources */,
				072B639C1D859EAB00CF2123 /* Frameworks */,
				072B639D1D859EAB00CF2123 /* CopyFiles */,
			);
			buildRules = (
			);
			dependencies = (
			);
			name = thinlisp;
			productName = thinlisp;
			productReference = 072B639F1D859EAB00CF2123 /* thinlisp */;
			productType = "com.apple.product-type.tool";
		};
/* End PBXNativeTarget section */

/* Begin PBXProject section */
		072B63971D859EAB00CF2123 /* Project object */ = {
			isa = PBXProject;
			attributes = {
				LastUpgradeCheck = 0730;
				ORGANIZATIONNAME = norg;
				TargetAttributes = {
					072B639E1D859EAB00CF2123 = {
						CreatedOnToolsVersion = 7.3.1;
					};
				};
			};
			buildConfigurationList = 072B639A1D859EAB00CF2123 /* Build configuration list for PBXProject "thinlisp" */;
			compatibilityVersion = "Xcode 3.2";
			developmentRegion = English;
			hasScannedForEncodings = 0;
			knownRegions = (
				en,
			);
			mainGroup = 072B63961D859EAB00CF2123;
			productRefGroup = 072B63A01D859EAB00CF2123 /* Products */;
			projectDirPath = "";
			projectRoot = "";
			targets = (
				072B639E1D859EAB00CF2123 /* thinlisp */,
			);
		};
/* End PBXProject section */

/* Begin PBXSourcesBuildPhase section */
		072B639B1D859EAB00CF2123 /* Sources */ = {
			isa = PBXSourcesBuildPhase;
			buildActionMask = 2147483647;
			files = (
				076228C91DB9C0E6008C8282 /* runtime.c in Sources */,
				072B63FB1D859F6700CF2123 /* list.c in Sources */,
				072B63F51D859F6700CF2123 /* vlist.c in Sources */,
				072B63FA1D859F6700CF2123 /* heap.c in Sources */,
				072B64021D85A1E400CF2123 /* eeprom.c in Sources */,
				072B63F71D859F6700CF2123 /* bistack.c in Sources */,
				072B63F41D859F6700CF2123 /* utils.c in Sources */,
				072B63A31D859EAB00CF2123 /* main.c in Sources */,
				072B63FC1D859F6700CF2123 /* nvmem.c in Sources */,
			);
			runOnlyForDeploymentPostprocessing = 0;
		};
/* End PBXSourcesBuildPhase section */

/* Begin XCBuildConfiguration section */
		072B63A41D859EAB00CF2123 /* Debug */ = {
			isa = XCBuildConfiguration;
			buildSettings = {
				ALWAYS_SEARCH_USER_PATHS = NO;
				CLANG_ANALYZER_NONNULL = YES;
				CLANG_CXX_LANGUAGE_STANDARD = "gnu++0x";
				CLANG_CXX_LIBRARY = "libc++";
				CLANG_ENABLE_MODULES = YES;
				CLANG_ENABLE_OBJC_ARC = YES;
				CLANG_WARN_BOOL_CONVERSION = YES;
				CLANG_WARN_CONSTANT_CONVERSION = YES;
				CLANG_WARN_DIRECT_OBJC_ISA_USAGE = YES_ERROR;
				CLANG_WARN_EMPTY_BODY = YES;
				CLANG_WARN_ENUM_CONVERSION = YES;
				CLANG_WARN_INT_CONVERSION = YES;
				CLANG_WARN_OBJC_ROOT_CLASS = YES_ERROR;
				CLANG_WARN_UNREACHABLE_CODE = YES;
				CLANG_WARN__DUPLICATE_METHOD_MATCH = YES;
				CODE_SIGN_IDENTITY = "-";
				COPY_PHASE_STRIP = NO;
				DEBUG_INFORMATION_FORMAT = dwarf;
				ENABLE_STRICT_OBJC_MSGSEND = YES;
				ENABLE_TESTABILITY = YES;
				GCC_C_LANGUAGE_STANDARD = gnu99;
				GCC_DYNAMIC_NO_PIC = NO;
				GCC_NO_COMMON_BLOCKS = YES;
				GCC_OPTIMIZATION_LEVEL = 0;
				GCC_PREPROCESSOR_DEFINITIONS = (
					"DEBUG=1",
					"$(inherited)",
				);
				GCC_WARN_64_TO_32_BIT_CONVERSION = YES;
				GCC_WARN_ABOUT_RETURN_TYPE = YES_ERROR;
				GCC_WARN_UNDECLARED_SELECTOR = YES;
				GCC_WARN_UNINITIALIZED_AUTOS = YES_AGGRESSIVE;
				GCC_WARN_UNUSED_FUNCTION = YES;
				GCC_WARN_UNUSED_VARIABLE = YES;
				MACOSX_DEPLOYMENT_TARGET = 10.11;
				MTL_ENABLE_DEBUG_INFO = YES;
				ONLY_ACTIVE_ARCH = YES;
				SDKROOT = macosx;
			};
			name = Debug;
		};
		072B63A51D859EAB00CF2123 /* Release */ = {
			isa = XCBuildConfiguration;
			buildSettings = {
				ALWAYS_SEARCH_USER_PATHS = NO;
				CLANG_ANALYZER_NONNULL = YES;
				CLANG_CXX_LANGUAGE_STANDARD = "gnu++0x";
				CLANG_CXX_LIBRARY = "libc++";
				CLANG_ENABLE_MODULES = YES;
				CLANG_ENABLE_OBJC_ARC = YES;
				CLANG_WARN_BOOL_CONVERSION = YES;
				CLANG_WARN_CONSTANT_CONVERSION = YES;
				CLANG_WARN_DIRECT_OBJC_ISA_USAGE = YES_ERROR;
				CLANG_WARN_EMPTY_BODY = YES;
				CLANG_WARN_ENUM_CONVERSION = YES;
				CLANG_WARN_INT_CONVERSION = YES;
				CLANG_WARN_OBJC_ROOT_CLASS = YES_ERROR;
				CLANG_WARN_UNREACHABLE_CODE = YES;
				CLANG_WARN__DUPLICATE_METHOD_MATCH = YES;
				CODE_SIGN_IDENTITY = "-";
				COPY_PHASE_STRIP = NO;
				DEBUG_INFORMATION_FORMAT = "dwarf-with-dsym";
				ENABLE_NS_ASSERTIONS = NO;
				ENABLE_STRICT_OBJC_MSGSEND = YES;
				GCC_C_LANGUAGE_STANDARD = gnu99;
				GCC_NO_COMMON_BLOCKS = YES;
				GCC_WARN_64_TO_32_BIT_CONVERSION = YES;
				GCC_WARN_ABOUT_RETURN_TYPE = YES_ERROR;
				GCC_WARN_UNDECLARED_SELECTOR = YES;
				GCC_WARN_UNINITIALIZED_AUTOS = YES_AGGRESSIVE;
				GCC_WARN_UNUSED_FUNCTION = YES;
				GCC_WARN_UNUSED_VARIABLE = YES;
				MACOSX_DEPLOYMENT_TARGET = 10.11;
				MTL_ENABLE_DEBUG_INFO = NO;
				SDKROOT = macosx;
			};
			name = Release;
		};
		072B63A71D859EAB00CF2123 /* Debug */ = {
			isa = XCBuildConfiguration;
			buildSettings = {
				PRODUCT_NAME = "$(TARGET_NAME)";
			};
			name = Debug;
		};
		072B63A81D859EAB00CF2123 /* Release */ = {
			isa = XCBuildConfiguration;
			buildSettings = {
				PRODUCT_NAME = "$(TARGET_NAME)";
			};
			name = Release;
		};
/* End XCBuildConfiguration section */

/* Begin XCConfigurationList section */
		072B639A1D859EAB00CF2123 /* Build configuration list for PBXProject "thinlisp" */ = {
			isa = XCConfigurationList;
			buildConfigurations = (
				072B63A41D859EAB00CF2123 /* Debug */,
				072B63A51D859EAB00CF2123 /* Release */,
			);
			defaultConfigurationIsVisible = 0;
			defaultConfigurationName = Release;
		};
		072B63A61D859EAB00CF2123 /* Build configuration list for PBXNativeTarget "thinlisp" */ = {
			isa = XCConfigurationList;
			buildConfigurations = (
				072B63A71D859EAB00CF2123 /* Debug */,
				072B63A81D859EAB00CF2123 /* Release */,
			);
			defaultConfigurationIsVisible = 0;
			defaultConfigurationName = Release;
		};
/* End XCConfigurationList section */
	};
	rootObject = 072B63971D859EAB00CF2123 /* Project object */;
}
